
Microsoft Visual Studio Solution File, Format Version 12.00
# Visual Studio Version 16
VisualStudioVersion = 16.0.30011.22
MinimumVisualStudioVersion = 10.0.40219.1
Project("{FAE04EC0-301F-11D3-BF4B-00C04F79EFBC}") = "Smart Museo", "Smart Museo\Smart Museo.csproj", "{A220F700-DEA3-4562-9E84-BC5A2B4BA369}"
EndProject
Global
	GlobalSection(SolutionConfigurationPlatforms) = preSolution
		Debug|Any CPU = Debug|Any CPU
		Release|Any CPU = Release|Any CPU
	EndGlobalSection
	GlobalSection(ProjectConfigurationPlatforms) = postSolution
		{A220F700-DEA3-4562-9E84-BC5A2B4BA369}.Debug|Any CPU.ActiveCfg = Debug|Any CPU
		{A220F700-DEA3-4562-9E84-BC5A2B4BA369}.Debug|Any CPU.Build.0 = Debug|Any CPU
		{A220F700-DEA3-4562-9E84-BC5A2B4BA369}.Release|Any CPU.ActiveCfg = Release|Any CPU
		{A220F700-DEA3-4562-9E84-BC5A2B4BA369}.Release|Any CPU.Build.0 = Release|Any CPU
	EndGlobalSection
	GlobalSection(SolutionProperties) = preSolution
		HideSolutionNode = FALSE
	EndGlobalSection
	GlobalSection(ExtensibilityGlobals) = postSolution
		SolutionGuid = {E99A0201-4C0F-4C30-B2AE-0C9B45B35263}
	EndGlobalSection
EndGlobal
